
Microsoft Visual Studio Solution File, Format Version 12.00
# Visual Studio Version 16
VisualStudioVersion = 16.0.31702.278
MinimumVisualStudioVersion = 10.0.40219.1
Project("{FAE04EC0-301F-11D3-BF4B-00C04F79EFBC}") = "CalculatorProject", "CalculatorProject\CalculatorProject.csproj", "{F571E4D1-CD32-45BD-B1AC-ED7B3A28B4A4}"
EndProject
Project("{9A19103F-16F7-4668-BE54-9A1E7A4F7556}") = "CalculatorTesterOfDoom", "CalculatorTesterOfDoom\CalculatorTesterOfDoom.csproj", "{12F5B12C-6CA5-4FCA-87EF-5AF1EDBED4C8}"
EndProject
Project("{2150E333-8FDC-42A3-9474-1A3956D46DE8}") = "Solution Items", "Solution Items", "{1D7BF130-FFC8-4CB9-BB7A-12E126303E99}"
	ProjectSection(SolutionItems) = preProject
		README.md = README.md
	EndProjectSection
EndProject
Project("{C7167F0D-BC9F-4E6E-AFE1-012C56B48DB5}") = "CalculatorOfDoomWapProject", "CalculatorOfDoomWapProject\CalculatorOfDoomWapProject.wapproj", "{8A53A2B9-A59C-47EE-B5D6-C247F5266F08}"
EndProject
Global
	GlobalSection(SolutionConfigurationPlatforms) = preSolution
		CICD|Any CPU = CICD|Any CPU
		CICD|ARM = CICD|ARM
		CICD|ARM64 = CICD|ARM64
		CICD|x64 = CICD|x64
		CICD|x86 = CICD|x86
		Debug|Any CPU = Debug|Any CPU
		Debug|ARM = Debug|ARM
		Debug|ARM64 = Debug|ARM64
		Debug|x64 = Debug|x64
		Debug|x86 = Debug|x86
		Release|Any CPU = Release|Any CPU
		Release|ARM = Release|ARM
		Release|ARM64 = Release|ARM64
		Release|x64 = Release|x64
		Release|x86 = Release|x86
	EndGlobalSection
	GlobalSection(ProjectConfigurationPlatforms) = postSolution
		{F571E4D1-CD32-45BD-B1AC-ED7B3A28B4A4}.CICD|Any CPU.ActiveCfg = CICD|Any CPU
		{F571E4D1-CD32-45BD-B1AC-ED7B3A28B4A4}.CICD|Any CPU.Build.0 = CICD|Any CPU
		{F571E4D1-CD32-45BD-B1AC-ED7B3A28B4A4}.CICD|ARM.ActiveCfg = CICD|Any CPU
		{F571E4D1-CD32-45BD-B1AC-ED7B3A28B4A4}.CICD|ARM.Build.0 = CICD|Any CPU
		{F571E4D1-CD32-45BD-B1AC-ED7B3A28B4A4}.CICD|ARM64.ActiveCfg = CICD|Any CPU
		{F571E4D1-CD32-45BD-B1AC-ED7B3A28B4A4}.CICD|ARM64.Build.0 = CICD|Any CPU
		{F571E4D1-CD32-45BD-B1AC-ED7B3A28B4A4}.CICD|x64.ActiveCfg = CICD|Any CPU
		{F571E4D1-CD32-45BD-B1AC-ED7B3A28B4A4}.CICD|x64.Build.0 = CICD|Any CPU
		{F571E4D1-CD32-45BD-B1AC-ED7B3A28B4A4}.CICD|x86.ActiveCfg = CICD|Any CPU
		{F571E4D1-CD32-45BD-B1AC-ED7B3A28B4A4}.CICD|x86.Build.0 = CICD|Any CPU
		{F571E4D1-CD32-45BD-B1AC-ED7B3A28B4A4}.Debug|Any CPU.ActiveCfg = Debug|Any CPU
		{F571E4D1-CD32-45BD-B1AC-ED7B3A28B4A4}.Debug|Any CPU.Build.0 = Debug|Any CPU
		{F571E4D1-CD32-45BD-B1AC-ED7B3A28B4A4}.Debug|ARM.ActiveCfg = Debug|Any CPU
		{F571E4D1-CD32-45BD-B1AC-ED7B3A28B4A4}.Debug|ARM.Build.0 = Debug|Any CPU
		{F571E4D1-CD32-45BD-B1AC-ED7B3A28B4A4}.Debug|ARM64.ActiveCfg = Debug|Any CPU
		{F571E4D1-CD32-45BD-B1AC-ED7B3A28B4A4}.Debug|ARM64.Build.0 = Debug|Any CPU
		{F571E4D1-CD32-45BD-B1AC-ED7B3A28B4A4}.Debug|x64.ActiveCfg = Debug|Any CPU
		{F571E4D1-CD32-45BD-B1AC-ED7B3A28B4A4}.Debug|x64.Build.0 = Debug|Any CPU
		{F571E4D1-CD32-45BD-B1AC-ED7B3A28B4A4}.Debug|x86.ActiveCfg = Debug|Any CPU
		{F571E4D1-CD32-45BD-B1AC-ED7B3A28B4A4}.Debug|x86.Build.0 = Debug|Any CPU
		{F571E4D1-CD32-45BD-B1AC-ED7B3A28B4A4}.Release|Any CPU.ActiveCfg = Release|Any CPU
		{F571E4D1-CD32-45BD-B1AC-ED7B3A28B4A4}.Release|Any CPU.Build.0 = Release|Any CPU
		{F571E4D1-CD32-45BD-B1AC-ED7B3A28B4A4}.Release|ARM.ActiveCfg = Release|Any CPU
		{F571E4D1-CD32-45BD-B1AC-ED7B3A28B4A4}.Release|ARM.Build.0 = Release|Any CPU
		{F571E4D1-CD32-45BD-B1AC-ED7B3A28B4A4}.Release|ARM64.ActiveCfg = Release|Any CPU
		{F571E4D1-CD32-45BD-B1AC-ED7B3A28B4A4}.Release|ARM64.Build.0 = Release|Any CPU
		{F571E4D1-CD32-45BD-B1AC-ED7B3A28B4A4}.Release|x64.ActiveCfg = Release|Any CPU
		{F571E4D1-CD32-45BD-B1AC-ED7B3A28B4A4}.Release|x64.Build.0 = Release|Any CPU
		{F571E4D1-CD32-45BD-B1AC-ED7B3A28B4A4}.Release|x86.ActiveCfg = Release|Any CPU
		{F571E4D1-CD32-45BD-B1AC-ED7B3A28B4A4}.Release|x86.Build.0 = Release|Any CPU
		{12F5B12C-6CA5-4FCA-87EF-5AF1EDBED4C8}.CICD|Any CPU.ActiveCfg = CICD|Any CPU
		{12F5B12C-6CA5-4FCA-87EF-5AF1EDBED4C8}.CICD|Any CPU.Build.0 = CICD|Any CPU
		{12F5B12C-6CA5-4FCA-87EF-5AF1EDBED4C8}.CICD|ARM.ActiveCfg = CICD|Any CPU
		{12F5B12C-6CA5-4FCA-87EF-5AF1EDBED4C8}.CICD|ARM.Build.0 = CICD|Any CPU
		{12F5B12C-6CA5-4FCA-87EF-5AF1EDBED4C8}.CICD|ARM64.ActiveCfg = CICD|Any CPU
		{12F5B12C-6CA5-4FCA-87EF-5AF1EDBED4C8}.CICD|ARM64.Build.0 = CICD|Any CPU
		{12F5B12C-6CA5-4FCA-87EF-5AF1EDBED4C8}.CICD|x64.ActiveCfg = CICD|Any CPU
		{12F5B12C-6CA5-4FCA-87EF-5AF1EDBED4C8}.CICD|x64.Build.0 = CICD|Any CPU
		{12F5B12C-6CA5-4FCA-87EF-5AF1EDBED4C8}.CICD|x86.ActiveCfg = CICD|Any CPU
		{12F5B12C-6CA5-4FCA-87EF-5AF1EDBED4C8}.CICD|x86.Build.0 = CICD|Any CPU
		{12F5B12C-6CA5-4FCA-87EF-5AF1EDBED4C8}.Debug|Any CPU.ActiveCfg = Debug|Any CPU
		{12F5B12C-6CA5-4FCA-87EF-5AF1EDBED4C8}.Debug|Any CPU.Build.0 = Debug|Any CPU
		{12F5B12C-6CA5-4FCA-87EF-5AF1EDBED4C8}.Debug|ARM.ActiveCfg = Debug|Any CPU
		{12F5B12C-6CA5-4FCA-87EF-5AF1EDBED4C8}.Debug|ARM.Build.0 = Debug|Any CPU
		{12F5B12C-6CA5-4FCA-87EF-5AF1EDBED4C8}.Debug|ARM64.ActiveCfg = Debug|Any CPU
		{12F5B12C-6CA5-4FCA-87EF-5AF1EDBED4C8}.Debug|ARM64.Build.0 = Debug|Any CPU
		{12F5B12C-6CA5-4FCA-87EF-5AF1EDBED4C8}.Debug|x64.ActiveCfg = Debug|Any CPU
		{12F5B12C-6CA5-4FCA-87EF-5AF1EDBED4C8}.Debug|x64.Build.0 = Debug|Any CPU
		{12F5B12C-6CA5-4FCA-87EF-5AF1EDBED4C8}.Debug|x86.ActiveCfg = Debug|Any CPU
		{12F5B12C-6CA5-4FCA-87EF-5AF1EDBED4C8}.Debug|x86.Build.0 = Debug|Any CPU
		{12F5B12C-6CA5-4FCA-87EF-5AF1EDBED4C8}.Release|Any CPU.ActiveCfg = Release|Any CPU
		{12F5B12C-6CA5-4FCA-87EF-5AF1EDBED4C8}.Release|Any CPU.Build.0 = Release|Any CPU
		{12F5B12C-6CA5-4FCA-87EF-5AF1EDBED4C8}.Release|ARM.ActiveCfg = Release|Any CPU
		{12F5B12C-6CA5-4FCA-87EF-5AF1EDBED4C8}.Release|ARM.Build.0 = Release|Any CPU
		{12F5B12C-6CA5-4FCA-87EF-5AF1EDBED4C8}.Release|ARM64.ActiveCfg = Release|Any CPU
		{12F5B12C-6CA5-4FCA-87EF-5AF1EDBED4C8}.Release|ARM64.Build.0 = Release|Any CPU
		{12F5B12C-6CA5-4FCA-87EF-5AF1EDBED4C8}.Release|x64.ActiveCfg = Release|Any CPU
		{12F5B12C-6CA5-4FCA-87EF-5AF1EDBED4C8}.Release|x64.Build.0 = Release|Any CPU
		{12F5B12C-6CA5-4FCA-87EF-5AF1EDBED4C8}.Release|x86.ActiveCfg = Release|Any CPU
		{12F5B12C-6CA5-4FCA-87EF-5AF1EDBED4C8}.Release|x86.Build.0 = Release|Any CPU
		{8A53A2B9-A59C-47EE-B5D6-C247F5266F08}.CICD|Any CPU.ActiveCfg = CICD|Any CPU
		{8A53A2B9-A59C-47EE-B5D6-C247F5266F08}.CICD|Any CPU.Build.0 = CICD|Any CPU
		{8A53A2B9-A59C-47EE-B5D6-C247F5266F08}.CICD|Any CPU.Deploy.0 = CICD|Any CPU
		{8A53A2B9-A59C-47EE-B5D6-C247F5266F08}.CICD|ARM.ActiveCfg = CICD|ARM
		{8A53A2B9-A59C-47EE-B5D6-C247F5266F08}.CICD|ARM.Build.0 = CICD|ARM
		{8A53A2B9-A59C-47EE-B5D6-C247F5266F08}.CICD|ARM.Deploy.0 = CICD|ARM
		{8A53A2B9-A59C-47EE-B5D6-C247F5266F08}.CICD|ARM64.ActiveCfg = CICD|ARM64
		{8A53A2B9-A59C-47EE-B5D6-C247F5266F08}.CICD|ARM64.Build.0 = CICD|ARM64
		{8A53A2B9-A59C-47EE-B5D6-C247F5266F08}.CICD|ARM64.Deploy.0 = CICD|ARM64
		{8A53A2B9-A59C-47EE-B5D6-C247F5266F08}.CICD|x64.ActiveCfg = CICD|x64
		{8A53A2B9-A59C-47EE-B5D6-C247F5266F08}.CICD|x64.Build.0 = CICD|x64
		{8A53A2B9-A59C-47EE-B5D6-C247F5266F08}.CICD|x64.Deploy.0 = CICD|x64
		{8A53A2B9-A59C-47EE-B5D6-C247F5266F08}.CICD|x86.ActiveCfg = CICD|Any CPU
		{8A53A2B9-A59C-47EE-B5D6-C247F5266F08}.CICD|x86.Build.0 = CICD|Any CPU
		{8A53A2B9-A59C-47EE-B5D6-C247F5266F08}.CICD|x86.Deploy.0 = CICD|Any CPU
		{8A53A2B9-A59C-47EE-B5D6-C247F5266F08}.Debug|Any CPU.ActiveCfg = Debug|Any CPU
		{8A53A2B9-A59C-47EE-B5D6-C247F5266F08}.Debug|Any CPU.Build.0 = Debug|Any CPU
		{8A53A2B9-A59C-47EE-B5D6-C247F5266F08}.Debug|Any CPU.Deploy.0 = Debug|Any CPU
		{8A53A2B9-A59C-47EE-B5D6-C247F5266F08}.Debug|ARM.ActiveCfg = Debug|ARM
		{8A53A2B9-A59C-47EE-B5D6-C247F5266F08}.Debug|ARM.Build.0 = Debug|ARM
		{8A53A2B9-A59C-47EE-B5D6-C247F5266F08}.Debug|ARM.Deploy.0 = Debug|ARM
		{8A53A2B9-A59C-47EE-B5D6-C247F5266F08}.Debug|ARM64.ActiveCfg = Debug|ARM64
		{8A53A2B9-A59C-47EE-B5D6-C247F5266F08}.Debug|ARM64.Build.0 = Debug|ARM64
		{8A53A2B9-A59C-47EE-B5D6-C247F5266F08}.Debug|ARM64.Deploy.0 = Debug|ARM64
		{8A53A2B9-A59C-47EE-B5D6-C247F5266F08}.Debug|x64.ActiveCfg = Debug|x64
		{8A53A2B9-A59C-47EE-B5D6-C247F5266F08}.Debug|x64.Build.0 = Debug|x64
		{8A53A2B9-A59C-47EE-B5D6-C247F5266F08}.Debug|x64.Deploy.0 = Debug|x64
		{8A53A2B9-A59C-47EE-B5D6-C247F5266F08}.Debug|x86.ActiveCfg = Debug|x86
		{8A53A2B9-A59C-47EE-B5D6-C247F5266F08}.Debug|x86.Build.0 = Debug|x86
		{8A53A2B9-A59C-47EE-B5D6-C247F5266F08}.Debug|x86.Deploy.0 = Debug|x86
		{8A53A2B9-A59C-47EE-B5D6-C247F5266F08}.Release|Any CPU.ActiveCfg = Release|Any CPU
		{8A53A2B9-A59C-47EE-B5D6-C247F5266F08}.Release|Any CPU.Build.0 = Release|Any CPU
		{8A53A2B9-A59C-47EE-B5D6-C247F5266F08}.Release|Any CPU.Deploy.0 = Release|Any CPU
		{8A53A2B9-A59C-47EE-B5D6-C247F5266F08}.Release|ARM.ActiveCfg = Release|ARM
		{8A53A2B9-A59C-47EE-B5D6-C247F5266F08}.Release|ARM.Build.0 = Release|ARM
		{8A53A2B9-A59C-47EE-B5D6-C247F5266F08}.Release|ARM.Deploy.0 = Release|ARM
		{8A53A2B9-A59C-47EE-B5D6-C247F5266F08}.Release|ARM64.ActiveCfg = Release|ARM64
		{8A53A2B9-A59C-47EE-B5D6-C247F5266F08}.Release|ARM64.Build.0 = Release|ARM64
		{8A53A2B9-A59C-47EE-B5D6-C247F5266F08}.Release|ARM64.Deploy.0 = Release|ARM64
		{8A53A2B9-A59C-47EE-B5D6-C247F5266F08}.Release|x64.ActiveCfg = Release|x64
		{8A53A2B9-A59C-47EE-B5D6-C247F5266F08}.Release|x64.Build.0 = Release|x64
		{8A53A2B9-A59C-47EE-B5D6-C247F5266F08}.Release|x64.Deploy.0 = Release|x64
		{8A53A2B9-A59C-47EE-B5D6-C247F5266F08}.Release|x86.ActiveCfg = Release|x86
		{8A53A2B9-A59C-47EE-B5D6-C247F5266F08}.Release|x86.Build.0 = Release|x86
		{8A53A2B9-A59C-47EE-B5D6-C247F5266F08}.Release|x86.Deploy.0 = Release|x86
	EndGlobalSection
	GlobalSection(SolutionProperties) = preSolution
		HideSolutionNode = FALSE
	EndGlobalSection
	GlobalSection(ExtensibilityGlobals) = postSolution
		SolutionGuid = {21503B93-D7CA-498B-B909-014766532E85}
	EndGlobalSection
EndGlobal
